{
	"name": "chatgpt-cookies",
	"version": "2.0",
	"lockfileVersion": 2,
	"requires": true,
	"packages": {
		"": {
			"name": "chatgpt-cookies",
			"version": "2.0",
			"license": "ISC",
			"dependencies": {
				"chrome-webstore-upload-cli": "^3.0.0"
			}
		},
		"node_modules/@sindresorhus/is": {
			"version": "6.1.0",
			"resolved": "https://registry.npmjs.org/@sindresorhus/is/-/is-6.1.0.tgz",
			"integrity": "sha512-BuvU07zq3tQ/2SIgBsEuxKYDyDjC0n7Zir52bpHy2xnBbW81+po43aLFPLbeV3HRAheFbGud1qgcqSYfhtHMAg==",
			"engines": {
				"node": ">=16"
			},
			"funding": {
				"url": "https://github.com/sindresorhus/is?sponsor=1"
			}
		},
		"node_modules/@szmarczak/http-timer": {
			"version": "5.0.1",
			"resolved": "https://registry.npmjs.org/@szmarczak/http-timer/-/http-timer-5.0.1.tgz",
			"integrity": "sha512-+PmQX0PiAYPMeVYe237LJAYvOMYW1j2rH5YROyS3b4CTVJum34HfRvKvAzozHAQG0TnHNdUfY9nCeUyRAs//cw==",
			"dependencies": {
				"defer-to-connect": "^2.0.1"
			},
			"engines": {
				"node": ">=14.16"
			}
		},
		"node_modules/@types/http-cache-semantics": {
			"version": "4.0.4",
			"resolved": "https://registry.npmjs.org/@types/http-cache-semantics/-/http-cache-semantics-4.0.4.tgz",
			"integrity": "sha512-1m0bIFVc7eJWyve9S0RnuRgcQqF/Xd5QsUZAZeQFr1Q3/p9JWoQQEqmVy+DPTNpGXwhgIetAoYF8JSc33q29QA=="
		},
		"node_modules/ansi-regex": {
			"version": "6.0.1",
			"resolved": "https://registry.npmjs.org/ansi-regex/-/ansi-regex-6.0.1.tgz",
			"integrity": "sha512-n5M855fKb2SsfMIiFFoVrABHJC8QtHwVx+mHWP3QcEqBHYienj5dHSgjbxtC0WEZXYt4wcD6zrQElDPhFuZgfA==",
			"engines": {
				"node": ">=12"
			},
			"funding": {
				"url": "https://github.com/chalk/ansi-regex?sponsor=1"
			}
		},
		"node_modules/balanced-match": {
			"version": "1.0.2",
			"resolved": "https://registry.npmjs.org/balanced-match/-/balanced-match-1.0.2.tgz",
			"integrity": "sha512-3oSeUO0TMV67hN1AmbXsK4yaqU7tjiHlbxRDZOpH0KW9+CeX4bRAaX0Anxt0tx2MrpRpWwQaPwIlISEJhYU5Pw=="
		},
		"node_modules/base64-js": {
			"version": "1.5.1",
			"resolved": "https://registry.npmjs.org/base64-js/-/base64-js-1.5.1.tgz",
			"integrity": "sha512-AKpaYlHn8t4SVbOHCy+b5+KKgvR4vrsD8vbvrbiQJps7fKDTkjkDry6ji0rUJjC0kzbNePLwzxq8iypo41qeWA==",
			"funding": [
				{
					"type": "github",
					"url": "https://github.com/sponsors/feross"
				},
				{
					"type": "patreon",
					"url": "https://www.patreon.com/feross"
				},
				{
					"type": "consulting",
					"url": "https://feross.org/support"
				}
			]
		},
		"node_modules/bl": {
			"version": "5.1.0",
			"resolved": "https://registry.npmjs.org/bl/-/bl-5.1.0.tgz",
			"integrity": "sha512-tv1ZJHLfTDnXE6tMHv73YgSJaWR2AFuPwMntBe7XL/GBFHnT0CLnsHMogfk5+GzCDC5ZWarSCYaIGATZt9dNsQ==",
			"dependencies": {
				"buffer": "^6.0.3",
				"inherits": "^2.0.4",
				"readable-stream": "^3.4.0"
			}
		},
		"node_modules/brace-expansion": {
			"version": "1.1.11",
			"resolved": "https://registry.npmjs.org/brace-expansion/-/brace-expansion-1.1.11.tgz",
			"integrity": "sha512-iCuPHDFgrHX7H2vEI/5xpz07zSHB00TpugqhmYtVmMO6518mCuRMoOYFldEBl0g187ufozdaHgWKcYFb61qGiA==",
			"dependencies": {
				"balanced-match": "^1.0.0",
				"concat-map": "0.0.1"
			}
		},
		"node_modules/buffer": {
			"version": "6.0.3",
			"resolved": "https://registry.npmjs.org/buffer/-/buffer-6.0.3.tgz",
			"integrity": "sha512-FTiCpNxtwiZZHEZbcbTIcZjERVICn9yq/pDFkTl95/AxzD1naBctN7YO68riM/gLSDY7sdrMby8hofADYuuqOA==",
			"funding": [
				{
					"type": "github",
					"url": "https://github.com/sponsors/feross"
				},
				{
					"type": "patreon",
					"url": "https://www.patreon.com/feross"
				},
				{
					"type": "consulting",
					"url": "https://feross.org/support"
				}
			],
			"dependencies": {
				"base64-js": "^1.3.1",
				"ieee754": "^1.2.1"
			}
		},
		"node_modules/buffer-crc32": {
			"version": "0.2.13",
			"resolved": "https://registry.npmjs.org/buffer-crc32/-/buffer-crc32-0.2.13.tgz",
			"integrity": "sha512-VO9Ht/+p3SN7SKWqcrgEzjGbRSJYTx+Q1pTQC0wrWqHx0vpJraQ6GtHx8tvcg1rlK1byhU5gccxgOgj7B0TDkQ==",
			"engines": {
				"node": "*"
			}
		},
		"node_modules/cacheable-lookup": {
			"version": "7.0.0",
			"resolved": "https://registry.npmjs.org/cacheable-lookup/-/cacheable-lookup-7.0.0.tgz",
			"integrity": "sha512-+qJyx4xiKra8mZrcwhjMRMUhD5NR1R8esPkzIYxX96JiecFoxAXFuz/GpR3+ev4PE1WamHip78wV0vcmPQtp8w==",
			"engines": {
				"node": ">=14.16"
			}
		},
		"node_modules/cacheable-request": {
			"version": "10.2.14",
			"resolved": "https://registry.npmjs.org/cacheable-request/-/cacheable-request-10.2.14.tgz",
			"integrity": "sha512-zkDT5WAF4hSSoUgyfg5tFIxz8XQK+25W/TLVojJTMKBaxevLBBtLxgqguAuVQB8PVW79FVjHcU+GJ9tVbDZ9mQ==",
			"dependencies": {
				"@types/http-cache-semantics": "^4.0.2",
				"get-stream": "^6.0.1",
				"http-cache-semantics": "^4.1.1",
				"keyv": "^4.5.3",
				"mimic-response": "^4.0.0",
				"normalize-url": "^8.0.0",
				"responselike": "^3.0.0"
			},
			"engines": {
				"node": ">=14.16"
			}
		},
		"node_modules/cacheable-request/node_modules/get-stream": {
			"version": "6.0.1",
			"resolved": "https://registry.npmjs.org/get-stream/-/get-stream-6.0.1.tgz",
			"integrity": "sha512-ts6Wi+2j3jQjqi70w5AlN8DFnkSwC+MqmxEzdEALB2qXZYV3X/b1CTfgPLGJNMeAWxdPfU8FO1ms3NUfaHCPYg==",
			"engines": {
				"node": ">=10"
			},
			"funding": {
				"url": "https://github.com/sponsors/sindresorhus"
			}
		},
		"node_modules/chalk": {
			"version": "5.3.0",
			"resolved": "https://registry.npmjs.org/chalk/-/chalk-5.3.0.tgz",
			"integrity": "sha512-dLitG79d+GV1Nb/VYcCDFivJeK1hiukt9QjRNVOsUtTy1rR1YJsmpGGTZ3qJos+uw7WmWF4wUwBd9jxjocFC2w==",
			"engines": {
				"node": "^12.17.0 || ^14.13 || >=16.0.0"
			},
			"funding": {
				"url": "https://github.com/chalk/chalk?sponsor=1"
			}
		},
		"node_modules/chrome-webstore-upload": {
			"version": "2.0.0",
			"resolved": "https://registry.npmjs.org/chrome-webstore-upload/-/chrome-webstore-upload-2.0.0.tgz",
			"integrity": "sha512-RLqgApyJWlbIKkFELijiFF8XlRPyU4HNU5k4F73mLf781G+nvqTJMuEz0tfvGWBlJL7qOgpf5p9oLi9i78tkrA==",
			"dependencies": {
				"got": "^14.0.0"
			},
			"engines": {
				"node": ">=18"
			},
			"funding": {
				"url": "https://github.com/sponsors/fregante"
			}
		},
		"node_modules/chrome-webstore-upload-cli": {
			"version": "3.0.0",
			"resolved": "https://registry.npmjs.org/chrome-webstore-upload-cli/-/chrome-webstore-upload-cli-3.0.0.tgz",
			"integrity": "sha512-Z75zGO8MUM4CNtJLwwj1D6BxhVtyYFaQr3McDZP2/ps+1OOajRLEzTpvr1ogdxJV1iFdrDgtQ/ag1gUdTBx4ug==",
			"dependencies": {
				"chrome-webstore-upload": "^2.0.0",
				"junk": "^4.0.1",
				"meow": "^12.1.1",
				"ora": "^7.0.1",
				"recursive-readdir": "^2.2.3",
				"yazl": "^2.5.1"
			},
			"bin": {
				"chrome-webstore-upload": "cli.js"
			},
			"engines": {
				"node": ">=18"
			},
			"funding": {
				"url": "https://github.com/sponsors/fregante"
			}
		},
		"node_modules/cli-cursor": {
			"version": "4.0.0",
			"resolved": "https://registry.npmjs.org/cli-cursor/-/cli-cursor-4.0.0.tgz",
			"integrity": "sha512-VGtlMu3x/4DOtIUwEkRezxUZ2lBacNJCHash0N0WeZDBS+7Ux1dm3XWAgWYxLJFMMdOeXMHXorshEFhbMSGelg==",
			"dependencies": {
				"restore-cursor": "^4.0.0"
			},
			"engines": {
				"node": "^12.20.0 || ^14.13.1 || >=16.0.0"
			},
			"funding": {
				"url": "https://github.com/sponsors/sindresorhus"
			}
		},
		"node_modules/cli-spinners": {
			"version": "2.9.2",
			"resolved": "https://registry.npmjs.org/cli-spinners/-/cli-spinners-2.9.2.tgz",
			"integrity": "sha512-ywqV+5MmyL4E7ybXgKys4DugZbX0FC6LnwrhjuykIjnK9k8OQacQ7axGKnjDXWNhns0xot3bZI5h55H8yo9cJg==",
			"engines": {
				"node": ">=6"
			},
			"funding": {
				"url": "https://github.com/sponsors/sindresorhus"
			}
		},
		"node_modules/concat-map": {
			"version": "0.0.1",
			"resolved": "https://registry.npmjs.org/concat-map/-/concat-map-0.0.1.tgz",
			"integrity": "sha512-/Srv4dswyQNBfohGpz9o6Yb3Gz3SrUDqBH5rTuhGR7ahtlbYKnVxw2bCFMRljaA7EXHaXZ8wsHdodFvbkhKmqg=="
		},
		"node_modules/decompress-response": {
			"version": "6.0.0",
			"resolved": "https://registry.npmjs.org/decompress-response/-/decompress-response-6.0.0.tgz",
			"integrity": "sha512-aW35yZM6Bb/4oJlZncMH2LCoZtJXTRxES17vE3hoRiowU2kWHaJKFkSBDnDR+cm9J+9QhXmREyIfv0pji9ejCQ==",
			"dependencies": {
				"mimic-response": "^3.1.0"
			},
			"engines": {
				"node": ">=10"
			},
			"funding": {
				"url": "https://github.com/sponsors/sindresorhus"
			}
		},
		"node_modules/decompress-response/node_modules/mimic-response": {
			"version": "3.1.0",
			"resolved": "https://registry.npmjs.org/mimic-response/-/mimic-response-3.1.0.tgz",
			"integrity": "sha512-z0yWI+4FDrrweS8Zmt4Ej5HdJmky15+L2e6Wgn3+iK5fWzb6T3fhNFq2+MeTRb064c6Wr4N/wv0DzQTjNzHNGQ==",
			"engines": {
				"node": ">=10"
			},
			"funding": {
				"url": "https://github.com/sponsors/sindresorhus"
			}
		},
		"node_modules/defer-to-connect": {
			"version": "2.0.1",
			"resolved": "https://registry.npmjs.org/defer-to-connect/-/defer-to-connect-2.0.1.tgz",
			"integrity": "sha512-4tvttepXG1VaYGrRibk5EwJd1t4udunSOVMdLSAL6mId1ix438oPwPZMALY41FCijukO1L0twNcGsdzS7dHgDg==",
			"engines": {
				"node": ">=10"
			}
		},
		"node_modules/eastasianwidth": {
			"version": "0.2.0",
			"resolved": "https://registry.npmjs.org/eastasianwidth/-/eastasianwidth-0.2.0.tgz",
			"integrity": "sha512-I88TYZWc9XiYHRQ4/3c5rjjfgkjhLyW2luGIheGERbNQ6OY7yTybanSpDXZa8y7VUP9YmDcYa+eyq4ca7iLqWA=="
		},
		"node_modules/emoji-regex": {
			"version": "10.3.0",
			"resolved": "https://registry.npmjs.org/emoji-regex/-/emoji-regex-10.3.0.tgz",
			"integrity": "sha512-QpLs9D9v9kArv4lfDEgg1X/gN5XLnf/A6l9cs8SPZLRZR3ZkY9+kwIQTxm+fsSej5UMYGE8fdoaZVIBlqG0XTw=="
		},
		"node_modules/form-data-encoder": {
			"version": "4.0.2",
			"resolved": "https://registry.npmjs.org/form-data-encoder/-/form-data-encoder-4.0.2.tgz",
			"integrity": "sha512-KQVhvhK8ZkWzxKxOr56CPulAhH3dobtuQ4+hNQ+HekH/Wp5gSOafqRAeTphQUJAIk0GBvHZgJ2ZGRWd5kphMuw==",
			"engines": {
				"node": ">= 18"
			}
		},
		"node_modules/get-stream": {
			"version": "8.0.1",
			"resolved": "https://registry.npmjs.org/get-stream/-/get-stream-8.0.1.tgz",
			"integrity": "sha512-VaUJspBffn/LMCJVoMvSAdmscJyS1auj5Zulnn5UoYcY531UWmdwhRWkcGKnGU93m5HSXP9LP2usOryrBtQowA==",
			"engines": {
				"node": ">=16"
			},
			"funding": {
				"url": "https://github.com/sponsors/sindresorhus"
			}
		},
		"node_modules/got": {
			"version": "14.0.0",
			"resolved": "https://registry.npmjs.org/got/-/got-14.0.0.tgz",
			"integrity": "sha512-X01vTgaX9SwaMq5DfImvS+3GMQFFs5HtrrlS9CuzUSzkxAf/tWGEyynuI+Qy7BjciMczZGjyVSmawYbP4eYhYA==",
			"dependencies": {
				"@sindresorhus/is": "^6.1.0",
				"@szmarczak/http-timer": "^5.0.1",
				"cacheable-lookup": "^7.0.0",
				"cacheable-request": "^10.2.14",
				"decompress-response": "^6.0.0",
				"form-data-encoder": "^4.0.2",
				"get-stream": "^8.0.1",
				"http2-wrapper": "^2.2.1",
				"lowercase-keys": "^3.0.0",
				"p-cancelable": "^4.0.1",
				"responselike": "^3.0.0"
			},
			"engines": {
				"node": ">=20"
			},
			"funding": {
				"url": "https://github.com/sindresorhus/got?sponsor=1"
			}
		},
		"node_modules/http-cache-semantics": {
			"version": "4.1.1",
			"resolved": "https://registry.npmjs.org/http-cache-semantics/-/http-cache-semantics-4.1.1.tgz",
			"integrity": "sha512-er295DKPVsV82j5kw1Gjt+ADA/XYHsajl82cGNQG2eyoPkvgUhX+nDIyelzhIWbbsXP39EHcI6l5tYs2FYqYXQ=="
		},
		"node_modules/http2-wrapper": {
			"version": "2.2.1",
			"resolved": "https://registry.npmjs.org/http2-wrapper/-/http2-wrapper-2.2.1.tgz",
			"integrity": "sha512-V5nVw1PAOgfI3Lmeaj2Exmeg7fenjhRUgz1lPSezy1CuhPYbgQtbQj4jZfEAEMlaL+vupsvhjqCyjzob0yxsmQ==",
			"dependencies": {
				"quick-lru": "^5.1.1",
				"resolve-alpn": "^1.2.0"
			},
			"engines": {
				"node": ">=10.19.0"
			}
		},
		"node_modules/ieee754": {
			"version": "1.2.1",
			"resolved": "https://registry.npmjs.org/ieee754/-/ieee754-1.2.1.tgz",
			"integrity": "sha512-dcyqhDvX1C46lXZcVqCpK+FtMRQVdIMN6/Df5js2zouUsqG7I6sFxitIC+7KYK29KdXOLHdu9zL4sFnoVQnqaA==",
			"funding": [
				{
					"type": "github",
					"url": "https://github.com/sponsors/feross"
				},
				{
					"type": "patreon",
					"url": "https://www.patreon.com/feross"
				},
				{
					"type": "consulting",
					"url": "https://feross.org/support"
				}
			]
		},
		"node_modules/inherits": {
			"version": "2.0.4",
			"resolved": "https://registry.npmjs.org/inherits/-/inherits-2.0.4.tgz",
			"integrity": "sha512-k/vGaX4/Yla3WzyMCvTQOXYeIHvqOKtnqBduzTHpzpQZzAskKMhZ2K+EnBiSM9zGSoIFeMpXKxa4dYeZIQqewQ=="
		},
		"node_modules/is-interactive": {
			"version": "2.0.0",
			"resolved": "https://registry.npmjs.org/is-interactive/-/is-interactive-2.0.0.tgz",
			"integrity": "sha512-qP1vozQRI+BMOPcjFzrjXuQvdak2pHNUMZoeG2eRbiSqyvbEf/wQtEOTOX1guk6E3t36RkaqiSt8A/6YElNxLQ==",
			"engines": {
				"node": ">=12"
			},
			"funding": {
				"url": "https://github.com/sponsors/sindresorhus"
			}
		},
		"node_modules/is-unicode-supported": {
			"version": "1.3.0",
			"resolved": "https://registry.npmjs.org/is-unicode-supported/-/is-unicode-supported-1.3.0.tgz",
			"integrity": "sha512-43r2mRvz+8JRIKnWJ+3j8JtjRKZ6GmjzfaE/qiBJnikNnYv/6bagRJ1kUhNk8R5EX/GkobD+r+sfxCPJsiKBLQ==",
			"engines": {
				"node": ">=12"
			},
			"funding": {
				"url": "https://github.com/sponsors/sindresorhus"
			}
		},
		"node_modules/json-buffer": {
			"version": "3.0.1",
			"resolved": "https://registry.npmjs.org/json-buffer/-/json-buffer-3.0.1.tgz",
			"integrity": "sha512-4bV5BfR2mqfQTJm+V5tPPdf+ZpuhiIvTuAB5g8kcrXOZpTT/QwwVRWBywX1ozr6lEuPdbHxwaJlm9G6mI2sfSQ=="
		},
		"node_modules/junk": {
			"version": "4.0.1",
			"resolved": "https://registry.npmjs.org/junk/-/junk-4.0.1.tgz",
			"integrity": "sha512-Qush0uP+G8ZScpGMZvHUiRfI0YBWuB3gVBYlI0v0vvOJt5FLicco+IkP0a50LqTTQhmts/m6tP5SWE+USyIvcQ==",
			"engines": {
				"node": ">=12.20"
			},
			"funding": {
				"url": "https://github.com/sponsors/sindresorhus"
			}
		},
		"node_modules/keyv": {
			"version": "4.5.4",
			"resolved": "https://registry.npmjs.org/keyv/-/keyv-4.5.4.tgz",
			"integrity": "sha512-oxVHkHR/EJf2CNXnWxRLW6mg7JyCCUcG0DtEGmL2ctUo1PNTin1PUil+r/+4r5MpVgC/fn1kjsx7mjSujKqIpw==",
			"dependencies": {
				"json-buffer": "3.0.1"
			}
		},
		"node_modules/log-symbols": {
			"version": "5.1.0",
			"resolved": "https://registry.npmjs.org/log-symbols/-/log-symbols-5.1.0.tgz",
			"integrity": "sha512-l0x2DvrW294C9uDCoQe1VSU4gf529FkSZ6leBl4TiqZH/e+0R7hSfHQBNut2mNygDgHwvYHfFLn6Oxb3VWj2rA==",
			"dependencies": {
				"chalk": "^5.0.0",
				"is-unicode-supported": "^1.1.0"
			},
			"engines": {
				"node": ">=12"
			},
			"funding": {
				"url": "https://github.com/sponsors/sindresorhus"
			}
		},
		"node_modules/lowercase-keys": {
			"version": "3.0.0",
			"resolved": "https://registry.npmjs.org/lowercase-keys/-/lowercase-keys-3.0.0.tgz",
			"integrity": "sha512-ozCC6gdQ+glXOQsveKD0YsDy8DSQFjDTz4zyzEHNV5+JP5D62LmfDZ6o1cycFx9ouG940M5dE8C8CTewdj2YWQ==",
			"engines": {
				"node": "^12.20.0 || ^14.13.1 || >=16.0.0"
			},
			"funding": {
				"url": "https://github.com/sponsors/sindresorhus"
			}
		},
		"node_modules/meow": {
			"version": "12.1.1",
			"resolved": "https://registry.npmjs.org/meow/-/meow-12.1.1.tgz",
			"integrity": "sha512-BhXM0Au22RwUneMPwSCnyhTOizdWoIEPU9sp0Aqa1PnDMR5Wv2FGXYDjuzJEIX+Eo2Rb8xuYe5jrnm5QowQFkw==",
			"engines": {
				"node": ">=16.10"
			},
			"funding": {
				"url": "https://github.com/sponsors/sindresorhus"
			}
		},
		"node_modules/mimic-fn": {
			"version": "2.1.0",
			"resolved": "https://registry.npmjs.org/mimic-fn/-/mimic-fn-2.1.0.tgz",
			"integrity": "sha512-OqbOk5oEQeAZ8WXWydlu9HJjz9WVdEIvamMCcXmuqUYjTknH/sqsWvhQ3vgwKFRR1HpjvNBKQ37nbJgYzGqGcg==",
			"engines": {
				"node": ">=6"
			}
		},
		"node_modules/mimic-response": {
			"version": "4.0.0",
			"resolved": "https://registry.npmjs.org/mimic-response/-/mimic-response-4.0.0.tgz",
			"integrity": "sha512-e5ISH9xMYU0DzrT+jl8q2ze9D6eWBto+I8CNpe+VI+K2J/F/k3PdkdTdz4wvGVH4NTpo+NRYTVIuMQEMMcsLqg==",
			"engines": {
				"node": "^12.20.0 || ^14.13.1 || >=16.0.0"
			},
			"funding": {
				"url": "https://github.com/sponsors/sindresorhus"
			}
		},
		"node_modules/minimatch": {
			"version": "3.1.2",
			"resolved": "https://registry.npmjs.org/minimatch/-/minimatch-3.1.2.tgz",
			"integrity": "sha512-J7p63hRiAjw1NDEww1W7i37+ByIrOWO5XQQAzZ3VOcL0PNybwpfmV/N05zFAzwQ9USyEcX6t3UO+K5aqBQOIHw==",
			"dependencies": {
				"brace-expansion": "^1.1.7"
			},
			"engines": {
				"node": "*"
			}
		},
		"node_modules/normalize-url": {
			"version": "8.0.0",
			"resolved": "https://registry.npmjs.org/normalize-url/-/normalize-url-8.0.0.tgz",
			"integrity": "sha512-uVFpKhj5MheNBJRTiMZ9pE/7hD1QTeEvugSJW/OmLzAp78PB5O6adfMNTvmfKhXBkvCzC+rqifWcVYpGFwTjnw==",
			"engines": {
				"node": ">=14.16"
			},
			"funding": {
				"url": "https://github.com/sponsors/sindresorhus"
			}
		},
		"node_modules/onetime": {
			"version": "5.1.2",
			"resolved": "https://registry.npmjs.org/onetime/-/onetime-5.1.2.tgz",
			"integrity": "sha512-kbpaSSGJTWdAY5KPVeMOKXSrPtr8C8C7wodJbcsd51jRnmD+GZu8Y0VoU6Dm5Z4vWr0Ig/1NKuWRKf7j5aaYSg==",
			"dependencies": {
				"mimic-fn": "^2.1.0"
			},
			"engines": {
				"node": ">=6"
			},
			"funding": {
				"url": "https://github.com/sponsors/sindresorhus"
			}
		},
		"node_modules/ora": {
			"version": "7.0.1",
			"resolved": "https://registry.npmjs.org/ora/-/ora-7.0.1.tgz",
			"integrity": "sha512-0TUxTiFJWv+JnjWm4o9yvuskpEJLXTcng8MJuKd+SzAzp2o+OP3HWqNhB4OdJRt1Vsd9/mR0oyaEYlOnL7XIRw==",
			"dependencies": {
				"chalk": "^5.3.0",
				"cli-cursor": "^4.0.0",
				"cli-spinners": "^2.9.0",
				"is-interactive": "^2.0.0",
				"is-unicode-supported": "^1.3.0",
				"log-symbols": "^5.1.0",
				"stdin-discarder": "^0.1.0",
				"string-width": "^6.1.0",
				"strip-ansi": "^7.1.0"
			},
			"engines": {
				"node": ">=16"
			},
			"funding": {
				"url": "https://github.com/sponsors/sindresorhus"
			}
		},
		"node_modules/p-cancelable": {
			"version": "4.0.1",
			"resolved": "https://registry.npmjs.org/p-cancelable/-/p-cancelable-4.0.1.tgz",
			"integrity": "sha512-wBowNApzd45EIKdO1LaU+LrMBwAcjfPaYtVzV3lmfM3gf8Z4CHZsiIqlM8TZZ8okYvh5A1cP6gTfCRQtwUpaUg==",
			"engines": {
				"node": ">=14.16"
			}
		},
		"node_modules/quick-lru": {
			"version": "5.1.1",
			"resolved": "https://registry.npmjs.org/quick-lru/-/quick-lru-5.1.1.tgz",
			"integrity": "sha512-WuyALRjWPDGtt/wzJiadO5AXY+8hZ80hVpe6MyivgraREW751X3SbhRvG3eLKOYN+8VEvqLcf3wdnt44Z4S4SA==",
			"engines": {
				"node": ">=10"
			},
			"funding": {
				"url": "https://github.com/sponsors/sindresorhus"
			}
		},
		"node_modules/readable-stream": {
			"version": "3.6.2",
			"resolved": "https://registry.npmjs.org/readable-stream/-/readable-stream-3.6.2.tgz",
			"integrity": "sha512-9u/sniCrY3D5WdsERHzHE4G2YCXqoG5FTHUiCC4SIbr6XcLZBY05ya9EKjYek9O5xOAwjGq+1JdGBAS7Q9ScoA==",
			"dependencies": {
				"inherits": "^2.0.3",
				"string_decoder": "^1.1.1",
				"util-deprecate": "^1.0.1"
			},
			"engines": {
				"node": ">= 6"
			}
		},
		"node_modules/recursive-readdir": {
			"version": "2.2.3",
			"resolved": "https://registry.npmjs.org/recursive-readdir/-/recursive-readdir-2.2.3.tgz",
			"integrity": "sha512-8HrF5ZsXk5FAH9dgsx3BlUer73nIhuj+9OrQwEbLTPOBzGkL1lsFCR01am+v+0m2Cmbs1nP12hLDl5FA7EszKA==",
			"dependencies": {
				"minimatch": "^3.0.5"
			},
			"engines": {
				"node": ">=6.0.0"
			}
		},
		"node_modules/resolve-alpn": {
			"version": "1.2.1",
			"resolved": "https://registry.npmjs.org/resolve-alpn/-/resolve-alpn-1.2.1.tgz",
			"integrity": "sha512-0a1F4l73/ZFZOakJnQ3FvkJ2+gSTQWz/r2KE5OdDY0TxPm5h4GkqkWWfM47T7HsbnOtcJVEF4epCVy6u7Q3K+g=="
		},
		"node_modules/responselike": {
			"version": "3.0.0",
			"resolved": "https://registry.npmjs.org/responselike/-/responselike-3.0.0.tgz",
			"integrity": "sha512-40yHxbNcl2+rzXvZuVkrYohathsSJlMTXKryG5y8uciHv1+xDLHQpgjG64JUO9nrEq2jGLH6IZ8BcZyw3wrweg==",
			"dependencies": {
				"lowercase-keys": "^3.0.0"
			},
			"engines": {
				"node": ">=14.16"
			},
			"funding": {
				"url": "https://github.com/sponsors/sindresorhus"
			}
		},
		"node_modules/restore-cursor": {
			"version": "4.0.0",
			"resolved": "https://registry.npmjs.org/restore-cursor/-/restore-cursor-4.0.0.tgz",
			"integrity": "sha512-I9fPXU9geO9bHOt9pHHOhOkYerIMsmVaWB0rA2AI9ERh/+x/i7MV5HKBNrg+ljO5eoPVgCcnFuRjJ9uH6I/3eg==",
			"dependencies": {
				"onetime": "^5.1.0",
				"signal-exit": "^3.0.2"
			},
			"engines": {
				"node": "^12.20.0 || ^14.13.1 || >=16.0.0"
			},
			"funding": {
				"url": "https://github.com/sponsors/sindresorhus"
			}
		},
		"node_modules/safe-buffer": {
			"version": "5.2.1",
			"resolved": "https://registry.npmjs.org/safe-buffer/-/safe-buffer-5.2.1.tgz",
			"integrity": "sha512-rp3So07KcdmmKbGvgaNxQSJr7bGVSVk5S9Eq1F+ppbRo70+YeaDxkw5Dd8NPN+GD6bjnYm2VuPuCXmpuYvmCXQ==",
			"funding": [
				{
					"type": "github",
					"url": "https://github.com/sponsors/feross"
				},
				{
					"type": "patreon",
					"url": "https://www.patreon.com/feross"
				},
				{
					"type": "consulting",
					"url": "https://feross.org/support"
				}
			]
		},
		"node_modules/signal-exit": {
			"version": "3.0.7",
			"resolved": "https://registry.npmjs.org/signal-exit/-/signal-exit-3.0.7.tgz",
			"integrity": "sha512-wnD2ZE+l+SPC/uoS0vXeE9L1+0wuaMqKlfz9AMUo38JsyLSBWSFcHR1Rri62LZc12vLr1gb3jl7iwQhgwpAbGQ=="
		},
		"node_modules/stdin-discarder": {
			"version": "0.1.0",
			"resolved": "https://registry.npmjs.org/stdin-discarder/-/stdin-discarder-0.1.0.tgz",
			"integrity": "sha512-xhV7w8S+bUwlPTb4bAOUQhv8/cSS5offJuX8GQGq32ONF0ZtDWKfkdomM3HMRA+LhX6um/FZ0COqlwsjD53LeQ==",
			"dependencies": {
				"bl": "^5.0.0"
			},
			"engines": {
				"node": "^12.20.0 || ^14.13.1 || >=16.0.0"
			},
			"funding": {
				"url": "https://github.com/sponsors/sindresorhus"
			}
		},
		"node_modules/string_decoder": {
			"version": "1.3.0",
			"resolved": "https://registry.npmjs.org/string_decoder/-/string_decoder-1.3.0.tgz",
			"integrity": "sha512-hkRX8U1WjJFd8LsDJ2yQ/wWWxaopEsABU1XfkM8A+j0+85JAGppt16cr1Whg6KIbb4okU6Mql6BOj+uup/wKeA==",
			"dependencies": {
				"safe-buffer": "~5.2.0"
			}
		},
		"node_modules/string-width": {
			"version": "6.1.0",
			"resolved": "https://registry.npmjs.org/string-width/-/string-width-6.1.0.tgz",
			"integrity": "sha512-k01swCJAgQmuADB0YIc+7TuatfNvTBVOoaUWJjTB9R4VJzR5vNWzf5t42ESVZFPS8xTySF7CAdV4t/aaIm3UnQ==",
			"dependencies": {
				"eastasianwidth": "^0.2.0",
				"emoji-regex": "^10.2.1",
				"strip-ansi": "^7.0.1"
			},
			"engines": {
				"node": ">=16"
			},
			"funding": {
				"url": "https://github.com/sponsors/sindresorhus"
			}
		},
		"node_modules/strip-ansi": {
			"version": "7.1.0",
			"resolved": "https://registry.npmjs.org/strip-ansi/-/strip-ansi-7.1.0.tgz",
			"integrity": "sha512-iq6eVVI64nQQTRYq2KtEg2d2uU7LElhTJwsH4YzIHZshxlgZms/wIc4VoDQTlG/IvVIrBKG06CrZnp0qv7hkcQ==",
			"dependencies": {
				"ansi-regex": "^6.0.1"
			},
			"engines": {
				"node": ">=12"
			},
			"funding": {
				"url": "https://github.com/chalk/strip-ansi?sponsor=1"
			}
		},
		"node_modules/util-deprecate": {
			"version": "1.0.2",
			"resolved": "https://registry.npmjs.org/util-deprecate/-/util-deprecate-1.0.2.tgz",
			"integrity": "sha512-EPD5q1uXyFxJpCrLnCc1nHnq3gOa6DZBocAIiI2TaSCA7VCJ1UJDMagCzIkXNsUYfD1daK//LTEQ8xiIbrHtcw=="
		},
		"node_modules/yazl": {
			"version": "2.5.1",
			"resolved": "https://registry.npmjs.org/yazl/-/yazl-2.5.1.tgz",
			"integrity": "sha512-phENi2PLiHnHb6QBVot+dJnaAZ0xosj7p3fWl+znIjBDlnMI2PsZCJZ306BPTFOaHf5qdDEI8x5qFrSOBN5vrw==",
			"dependencies": {
				"buffer-crc32": "~0.2.3"
			}
		}
	},
	"dependencies": {
		"@sindresorhus/is": {
			"version": "6.1.0",
			"resolved": "https://registry.npmjs.org/@sindresorhus/is/-/is-6.1.0.tgz",
			"integrity": "sha512-BuvU07zq3tQ/2SIgBsEuxKYDyDjC0n7Zir52bpHy2xnBbW81+po43aLFPLbeV3HRAheFbGud1qgcqSYfhtHMAg=="
		},
		"@szmarczak/http-timer": {
			"version": "5.0.1",
			"resolved": "https://registry.npmjs.org/@szmarczak/http-timer/-/http-timer-5.0.1.tgz",
			"integrity": "sha512-+PmQX0PiAYPMeVYe237LJAYvOMYW1j2rH5YROyS3b4CTVJum34HfRvKvAzozHAQG0TnHNdUfY9nCeUyRAs//cw==",
			"requires": {
				"defer-to-connect": "^2.0.1"
			}
		},
		"@types/http-cache-semantics": {
			"version": "4.0.4",
			"resolved": "https://registry.npmjs.org/@types/http-cache-semantics/-/http-cache-semantics-4.0.4.tgz",
			"integrity": "sha512-1m0bIFVc7eJWyve9S0RnuRgcQqF/Xd5QsUZAZeQFr1Q3/p9JWoQQEqmVy+DPTNpGXwhgIetAoYF8JSc33q29QA=="
		},
		"ansi-regex": {
			"version": "6.0.1",
			"resolved": "https://registry.npmjs.org/ansi-regex/-/ansi-regex-6.0.1.tgz",
			"integrity": "sha512-n5M855fKb2SsfMIiFFoVrABHJC8QtHwVx+mHWP3QcEqBHYienj5dHSgjbxtC0WEZXYt4wcD6zrQElDPhFuZgfA=="
		},
		"balanced-match": {
			"version": "1.0.2",
			"resolved": "https://registry.npmjs.org/balanced-match/-/balanced-match-1.0.2.tgz",
			"integrity": "sha512-3oSeUO0TMV67hN1AmbXsK4yaqU7tjiHlbxRDZOpH0KW9+CeX4bRAaX0Anxt0tx2MrpRpWwQaPwIlISEJhYU5Pw=="
		},
		"base64-js": {
			"version": "1.5.1",
			"resolved": "https://registry.npmjs.org/base64-js/-/base64-js-1.5.1.tgz",
			"integrity": "sha512-AKpaYlHn8t4SVbOHCy+b5+KKgvR4vrsD8vbvrbiQJps7fKDTkjkDry6ji0rUJjC0kzbNePLwzxq8iypo41qeWA=="
		},
		"bl": {
			"version": "5.1.0",
			"resolved": "https://registry.npmjs.org/bl/-/bl-5.1.0.tgz",
			"integrity": "sha512-tv1ZJHLfTDnXE6tMHv73YgSJaWR2AFuPwMntBe7XL/GBFHnT0CLnsHMogfk5+GzCDC5ZWarSCYaIGATZt9dNsQ==",
			"requires": {
				"buffer": "^6.0.3",
				"inherits": "^2.0.4",
				"readable-stream": "^3.4.0"
			}
		},
		"brace-expansion": {
			"version": "1.1.11",
			"resolved": "https://registry.npmjs.org/brace-expansion/-/brace-expansion-1.1.11.tgz",
			"integrity": "sha512-iCuPHDFgrHX7H2vEI/5xpz07zSHB00TpugqhmYtVmMO6518mCuRMoOYFldEBl0g187ufozdaHgWKcYFb61qGiA==",
			"requires": {
				"balanced-match": "^1.0.0",
				"concat-map": "0.0.1"
			}
		},
		"buffer": {
			"version": "6.0.3",
			"resolved": "https://registry.npmjs.org/buffer/-/buffer-6.0.3.tgz",
			"integrity": "sha512-FTiCpNxtwiZZHEZbcbTIcZjERVICn9yq/pDFkTl95/AxzD1naBctN7YO68riM/gLSDY7sdrMby8hofADYuuqOA==",
			"requires": {
				"base64-js": "^1.3.1",
				"ieee754": "^1.2.1"
			}
		},
		"buffer-crc32": {
			"version": "0.2.13",
			"resolved": "https://registry.npmjs.org/buffer-crc32/-/buffer-crc32-0.2.13.tgz",
			"integrity": "sha512-VO9Ht/+p3SN7SKWqcrgEzjGbRSJYTx+Q1pTQC0wrWqHx0vpJraQ6GtHx8tvcg1rlK1byhU5gccxgOgj7B0TDkQ=="
		},
		"cacheable-lookup": {
			"version": "7.0.0",
			"resolved": "https://registry.npmjs.org/cacheable-lookup/-/cacheable-lookup-7.0.0.tgz",
			"integrity": "sha512-+qJyx4xiKra8mZrcwhjMRMUhD5NR1R8esPkzIYxX96JiecFoxAXFuz/GpR3+ev4PE1WamHip78wV0vcmPQtp8w=="
		},
		"cacheable-request": {
			"version": "10.2.14",
			"resolved": "https://registry.npmjs.org/cacheable-request/-/cacheable-request-10.2.14.tgz",
			"integrity": "sha512-zkDT5WAF4hSSoUgyfg5tFIxz8XQK+25W/TLVojJTMKBaxevLBBtLxgqguAuVQB8PVW79FVjHcU+GJ9tVbDZ9mQ==",
			"requires": {
				"@types/http-cache-semantics": "^4.0.2",
				"get-stream": "^6.0.1",
				"http-cache-semantics": "^4.1.1",
				"keyv": "^4.5.3",
				"mimic-response": "^4.0.0",
				"normalize-url": "^8.0.0",
				"responselike": "^3.0.0"
			},
			"dependencies": {
				"get-stream": {
					"version": "6.0.1",
					"resolved": "https://registry.npmjs.org/get-stream/-/get-stream-6.0.1.tgz",
					"integrity": "sha512-ts6Wi+2j3jQjqi70w5AlN8DFnkSwC+MqmxEzdEALB2qXZYV3X/b1CTfgPLGJNMeAWxdPfU8FO1ms3NUfaHCPYg=="
				}
			}
		},
		"chalk": {
			"version": "5.3.0",
			"resolved": "https://registry.npmjs.org/chalk/-/chalk-5.3.0.tgz",
			"integrity": "sha512-dLitG79d+GV1Nb/VYcCDFivJeK1hiukt9QjRNVOsUtTy1rR1YJsmpGGTZ3qJos+uw7WmWF4wUwBd9jxjocFC2w=="
		},
		"chrome-webstore-upload": {
			"version": "2.0.0",
			"resolved": "https://registry.npmjs.org/chrome-webstore-upload/-/chrome-webstore-upload-2.0.0.tgz",
			"integrity": "sha512-RLqgApyJWlbIKkFELijiFF8XlRPyU4HNU5k4F73mLf781G+nvqTJMuEz0tfvGWBlJL7qOgpf5p9oLi9i78tkrA==",
			"requires": {
				"got": "^14.0.0"
			}
		},
		"chrome-webstore-upload-cli": {
			"version": "3.0.0",
			"resolved": "https://registry.npmjs.org/chrome-webstore-upload-cli/-/chrome-webstore-upload-cli-3.0.0.tgz",
			"integrity": "sha512-Z75zGO8MUM4CNtJLwwj1D6BxhVtyYFaQr3McDZP2/ps+1OOajRLEzTpvr1ogdxJV1iFdrDgtQ/ag1gUdTBx4ug==",
			"requires": {
				"chrome-webstore-upload": "^2.0.0",
				"junk": "^4.0.1",
				"meow": "^12.1.1",
				"ora": "^7.0.1",
				"recursive-readdir": "^2.2.3",
				"yazl": "^2.5.1"
			}
		},
		"cli-cursor": {
			"version": "4.0.0",
			"resolved": "https://registry.npmjs.org/cli-cursor/-/cli-cursor-4.0.0.tgz",
			"integrity": "sha512-VGtlMu3x/4DOtIUwEkRezxUZ2lBacNJCHash0N0WeZDBS+7Ux1dm3XWAgWYxLJFMMdOeXMHXorshEFhbMSGelg==",
			"requires": {
				"restore-cursor": "^4.0.0"
			}
		},
		"cli-spinners": {
			"version": "2.9.2",
			"resolved": "https://registry.npmjs.org/cli-spinners/-/cli-spinners-2.9.2.tgz",
			"integrity": "sha512-ywqV+5MmyL4E7ybXgKys4DugZbX0FC6LnwrhjuykIjnK9k8OQacQ7axGKnjDXWNhns0xot3bZI5h55H8yo9cJg=="
		},
		"concat-map": {
			"version": "0.0.1",
			"resolved": "https://registry.npmjs.org/concat-map/-/concat-map-0.0.1.tgz",
			"integrity": "sha512-/Srv4dswyQNBfohGpz9o6Yb3Gz3SrUDqBH5rTuhGR7ahtlbYKnVxw2bCFMRljaA7EXHaXZ8wsHdodFvbkhKmqg=="
		},
		"decompress-response": {
			"version": "6.0.0",
			"resolved": "https://registry.npmjs.org/decompress-response/-/decompress-response-6.0.0.tgz",
			"integrity": "sha512-aW35yZM6Bb/4oJlZncMH2LCoZtJXTRxES17vE3hoRiowU2kWHaJKFkSBDnDR+cm9J+9QhXmREyIfv0pji9ejCQ==",
			"requires": {
				"mimic-response": "^3.1.0"
			},
			"dependencies": {
				"mimic-response": {
					"version": "3.1.0",
					"resolved": "https://registry.npmjs.org/mimic-response/-/mimic-response-3.1.0.tgz",
					"integrity": "sha512-z0yWI+4FDrrweS8Zmt4Ej5HdJmky15+L2e6Wgn3+iK5fWzb6T3fhNFq2+MeTRb064c6Wr4N/wv0DzQTjNzHNGQ=="
				}
			}
		},
		"defer-to-connect": {
			"version": "2.0.1",
			"resolved": "https://registry.npmjs.org/defer-to-connect/-/defer-to-connect-2.0.1.tgz",
			"integrity": "sha512-4tvttepXG1VaYGrRibk5EwJd1t4udunSOVMdLSAL6mId1ix438oPwPZMALY41FCijukO1L0twNcGsdzS7dHgDg=="
		},
		"eastasianwidth": {
			"version": "0.2.0",
			"resolved": "https://registry.npmjs.org/eastasianwidth/-/eastasianwidth-0.2.0.tgz",
			"integrity": "sha512-I88TYZWc9XiYHRQ4/3c5rjjfgkjhLyW2luGIheGERbNQ6OY7yTybanSpDXZa8y7VUP9YmDcYa+eyq4ca7iLqWA=="
		},
		"emoji-regex": {
			"version": "10.3.0",
			"resolved": "https://registry.npmjs.org/emoji-regex/-/emoji-regex-10.3.0.tgz",
			"integrity": "sha512-QpLs9D9v9kArv4lfDEgg1X/gN5XLnf/A6l9cs8SPZLRZR3ZkY9+kwIQTxm+fsSej5UMYGE8fdoaZVIBlqG0XTw=="
		},
		"form-data-encoder": {
			"version": "4.0.2",
			"resolved": "https://registry.npmjs.org/form-data-encoder/-/form-data-encoder-4.0.2.tgz",
			"integrity": "sha512-KQVhvhK8ZkWzxKxOr56CPulAhH3dobtuQ4+hNQ+HekH/Wp5gSOafqRAeTphQUJAIk0GBvHZgJ2ZGRWd5kphMuw=="
		},
		"get-stream": {
			"version": "8.0.1",
			"resolved": "https://registry.npmjs.org/get-stream/-/get-stream-8.0.1.tgz",
			"integrity": "sha512-VaUJspBffn/LMCJVoMvSAdmscJyS1auj5Zulnn5UoYcY531UWmdwhRWkcGKnGU93m5HSXP9LP2usOryrBtQowA=="
		},
		"got": {
			"version": "14.0.0",
			"resolved": "https://registry.npmjs.org/got/-/got-14.0.0.tgz",
			"integrity": "sha512-X01vTgaX9SwaMq5DfImvS+3GMQFFs5HtrrlS9CuzUSzkxAf/tWGEyynuI+Qy7BjciMczZGjyVSmawYbP4eYhYA==",
			"requires": {
				"@sindresorhus/is": "^6.1.0",
				"@szmarczak/http-timer": "^5.0.1",
				"cacheable-lookup": "^7.0.0",
				"cacheable-request": "^10.2.14",
				"decompress-response": "^6.0.0",
				"form-data-encoder": "^4.0.2",
				"get-stream": "^8.0.1",
				"http2-wrapper": "^2.2.1",
				"lowercase-keys": "^3.0.0",
				"p-cancelable": "^4.0.1",
				"responselike": "^3.0.0"
			}
		},
		"http-cache-semantics": {
			"version": "4.1.1",
			"resolved": "https://registry.npmjs.org/http-cache-semantics/-/http-cache-semantics-4.1.1.tgz",
			"integrity": "sha512-er295DKPVsV82j5kw1Gjt+ADA/XYHsajl82cGNQG2eyoPkvgUhX+nDIyelzhIWbbsXP39EHcI6l5tYs2FYqYXQ=="
		},
		"http2-wrapper": {
			"version": "2.2.1",
			"resolved": "https://registry.npmjs.org/http2-wrapper/-/http2-wrapper-2.2.1.tgz",
			"integrity": "sha512-V5nVw1PAOgfI3Lmeaj2Exmeg7fenjhRUgz1lPSezy1CuhPYbgQtbQj4jZfEAEMlaL+vupsvhjqCyjzob0yxsmQ==",
			"requires": {
				"quick-lru": "^5.1.1",
				"resolve-alpn": "^1.2.0"
			}
		},
		"ieee754": {
			"version": "1.2.1",
			"resolved": "https://registry.npmjs.org/ieee754/-/ieee754-1.2.1.tgz",
			"integrity": "sha512-dcyqhDvX1C46lXZcVqCpK+FtMRQVdIMN6/Df5js2zouUsqG7I6sFxitIC+7KYK29KdXOLHdu9zL4sFnoVQnqaA=="
		},
		"inherits": {
			"version": "2.0.4",
			"resolved": "https://registry.npmjs.org/inherits/-/inherits-2.0.4.tgz",
			"integrity": "sha512-k/vGaX4/Yla3WzyMCvTQOXYeIHvqOKtnqBduzTHpzpQZzAskKMhZ2K+EnBiSM9zGSoIFeMpXKxa4dYeZIQqewQ=="
		},
		"is-interactive": {
			"version": "2.0.0",
			"resolved": "https://registry.npmjs.org/is-interactive/-/is-interactive-2.0.0.tgz",
			"integrity": "sha512-qP1vozQRI+BMOPcjFzrjXuQvdak2pHNUMZoeG2eRbiSqyvbEf/wQtEOTOX1guk6E3t36RkaqiSt8A/6YElNxLQ=="
		},
		"is-unicode-supported": {
			"version": "1.3.0",
			"resolved": "https://registry.npmjs.org/is-unicode-supported/-/is-unicode-supported-1.3.0.tgz",
			"integrity": "sha512-43r2mRvz+8JRIKnWJ+3j8JtjRKZ6GmjzfaE/qiBJnikNnYv/6bagRJ1kUhNk8R5EX/GkobD+r+sfxCPJsiKBLQ=="
		},
		"json-buffer": {
			"version": "3.0.1",
			"resolved": "https://registry.npmjs.org/json-buffer/-/json-buffer-3.0.1.tgz",
			"integrity": "sha512-4bV5BfR2mqfQTJm+V5tPPdf+ZpuhiIvTuAB5g8kcrXOZpTT/QwwVRWBywX1ozr6lEuPdbHxwaJlm9G6mI2sfSQ=="
		},
		"junk": {
			"version": "4.0.1",
			"resolved": "https://registry.npmjs.org/junk/-/junk-4.0.1.tgz",
			"integrity": "sha512-Qush0uP+G8ZScpGMZvHUiRfI0YBWuB3gVBYlI0v0vvOJt5FLicco+IkP0a50LqTTQhmts/m6tP5SWE+USyIvcQ=="
		},
		"keyv": {
			"version": "4.5.4",
			"resolved": "https://registry.npmjs.org/keyv/-/keyv-4.5.4.tgz",
			"integrity": "sha512-oxVHkHR/EJf2CNXnWxRLW6mg7JyCCUcG0DtEGmL2ctUo1PNTin1PUil+r/+4r5MpVgC/fn1kjsx7mjSujKqIpw==",
			"requires": {
				"json-buffer": "3.0.1"
			}
		},
		"log-symbols": {
			"version": "5.1.0",
			"resolved": "https://registry.npmjs.org/log-symbols/-/log-symbols-5.1.0.tgz",
			"integrity": "sha512-l0x2DvrW294C9uDCoQe1VSU4gf529FkSZ6leBl4TiqZH/e+0R7hSfHQBNut2mNygDgHwvYHfFLn6Oxb3VWj2rA==",
			"requires": {
				"chalk": "^5.0.0",
				"is-unicode-supported": "^1.1.0"
			}
		},
		"lowercase-keys": {
			"version": "3.0.0",
			"resolved": "https://registry.npmjs.org/lowercase-keys/-/lowercase-keys-3.0.0.tgz",
			"integrity": "sha512-ozCC6gdQ+glXOQsveKD0YsDy8DSQFjDTz4zyzEHNV5+JP5D62LmfDZ6o1cycFx9ouG940M5dE8C8CTewdj2YWQ=="
		},
		"meow": {
			"version": "12.1.1",
			"resolved": "https://registry.npmjs.org/meow/-/meow-12.1.1.tgz",
			"integrity": "sha512-BhXM0Au22RwUneMPwSCnyhTOizdWoIEPU9sp0Aqa1PnDMR5Wv2FGXYDjuzJEIX+Eo2Rb8xuYe5jrnm5QowQFkw=="
		},
		"mimic-fn": {
			"version": "2.1.0",
			"resolved": "https://registry.npmjs.org/mimic-fn/-/mimic-fn-2.1.0.tgz",
			"integrity": "sha512-OqbOk5oEQeAZ8WXWydlu9HJjz9WVdEIvamMCcXmuqUYjTknH/sqsWvhQ3vgwKFRR1HpjvNBKQ37nbJgYzGqGcg=="
		},
		"mimic-response": {
			"version": "4.0.0",
			"resolved": "https://registry.npmjs.org/mimic-response/-/mimic-response-4.0.0.tgz",
			"integrity": "sha512-e5ISH9xMYU0DzrT+jl8q2ze9D6eWBto+I8CNpe+VI+K2J/F/k3PdkdTdz4wvGVH4NTpo+NRYTVIuMQEMMcsLqg=="
		},
		"minimatch": {
			"version": "3.1.2",
			"resolved": "https://registry.npmjs.org/minimatch/-/minimatch-3.1.2.tgz",
			"integrity": "sha512-J7p63hRiAjw1NDEww1W7i37+ByIrOWO5XQQAzZ3VOcL0PNybwpfmV/N05zFAzwQ9USyEcX6t3UO+K5aqBQOIHw==",
			"requires": {
				"brace-expansion": "^1.1.7"
			}
		},
		"normalize-url": {
			"version": "8.0.0",
			"resolved": "https://registry.npmjs.org/normalize-url/-/normalize-url-8.0.0.tgz",
			"integrity": "sha512-uVFpKhj5MheNBJRTiMZ9pE/7hD1QTeEvugSJW/OmLzAp78PB5O6adfMNTvmfKhXBkvCzC+rqifWcVYpGFwTjnw=="
		},
		"onetime": {
			"version": "5.1.2",
			"resolved": "https://registry.npmjs.org/onetime/-/onetime-5.1.2.tgz",
			"integrity": "sha512-kbpaSSGJTWdAY5KPVeMOKXSrPtr8C8C7wodJbcsd51jRnmD+GZu8Y0VoU6Dm5Z4vWr0Ig/1NKuWRKf7j5aaYSg==",
			"requires": {
				"mimic-fn": "^2.1.0"
			}
		},
		"ora": {
			"version": "7.0.1",
			"resolved": "https://registry.npmjs.org/ora/-/ora-7.0.1.tgz",
			"integrity": "sha512-0TUxTiFJWv+JnjWm4o9yvuskpEJLXTcng8MJuKd+SzAzp2o+OP3HWqNhB4OdJRt1Vsd9/mR0oyaEYlOnL7XIRw==",
			"requires": {
				"chalk": "^5.3.0",
				"cli-cursor": "^4.0.0",
				"cli-spinners": "^2.9.0",
				"is-interactive": "^2.0.0",
				"is-unicode-supported": "^1.3.0",
				"log-symbols": "^5.1.0",
				"stdin-discarder": "^0.1.0",
				"string-width": "^6.1.0",
				"strip-ansi": "^7.1.0"
			}
		},
		"p-cancelable": {
			"version": "4.0.1",
			"resolved": "https://registry.npmjs.org/p-cancelable/-/p-cancelable-4.0.1.tgz",
			"integrity": "sha512-wBowNApzd45EIKdO1LaU+LrMBwAcjfPaYtVzV3lmfM3gf8Z4CHZsiIqlM8TZZ8okYvh5A1cP6gTfCRQtwUpaUg=="
		},
		"quick-lru": {
			"version": "5.1.1",
			"resolved": "https://registry.npmjs.org/quick-lru/-/quick-lru-5.1.1.tgz",
			"integrity": "sha512-WuyALRjWPDGtt/wzJiadO5AXY+8hZ80hVpe6MyivgraREW751X3SbhRvG3eLKOYN+8VEvqLcf3wdnt44Z4S4SA=="
		},
		"readable-stream": {
			"version": "3.6.2",
			"resolved": "https://registry.npmjs.org/readable-stream/-/readable-stream-3.6.2.tgz",
			"integrity": "sha512-9u/sniCrY3D5WdsERHzHE4G2YCXqoG5FTHUiCC4SIbr6XcLZBY05ya9EKjYek9O5xOAwjGq+1JdGBAS7Q9ScoA==",
			"requires": {
				"inherits": "^2.0.3",
				"string_decoder": "^1.1.1",
				"util-deprecate": "^1.0.1"
			}
		},
		"recursive-readdir": {
			"version": "2.2.3",
			"resolved": "https://registry.npmjs.org/recursive-readdir/-/recursive-readdir-2.2.3.tgz",
			"integrity": "sha512-8HrF5ZsXk5FAH9dgsx3BlUer73nIhuj+9OrQwEbLTPOBzGkL1lsFCR01am+v+0m2Cmbs1nP12hLDl5FA7EszKA==",
			"requires": {
				"minimatch": "^3.0.5"
			}
		},
		"resolve-alpn": {
			"version": "1.2.1",
			"resolved": "https://registry.npmjs.org/resolve-alpn/-/resolve-alpn-1.2.1.tgz",
			"integrity": "sha512-0a1F4l73/ZFZOakJnQ3FvkJ2+gSTQWz/r2KE5OdDY0TxPm5h4GkqkWWfM47T7HsbnOtcJVEF4epCVy6u7Q3K+g=="
		},
		"responselike": {
			"version": "3.0.0",
			"resolved": "https://registry.npmjs.org/responselike/-/responselike-3.0.0.tgz",
			"integrity": "sha512-40yHxbNcl2+rzXvZuVkrYohathsSJlMTXKryG5y8uciHv1+xDLHQpgjG64JUO9nrEq2jGLH6IZ8BcZyw3wrweg==",
			"requires": {
				"lowercase-keys": "^3.0.0"
			}
		},
		"restore-cursor": {
			"version": "4.0.0",
			"resolved": "https://registry.npmjs.org/restore-cursor/-/restore-cursor-4.0.0.tgz",
			"integrity": "sha512-I9fPXU9geO9bHOt9pHHOhOkYerIMsmVaWB0rA2AI9ERh/+x/i7MV5HKBNrg+ljO5eoPVgCcnFuRjJ9uH6I/3eg==",
			"requires": {
				"onetime": "^5.1.0",
				"signal-exit": "^3.0.2"
			}
		},
		"safe-buffer": {
			"version": "5.2.1",
			"resolved": "https://registry.npmjs.org/safe-buffer/-/safe-buffer-5.2.1.tgz",
			"integrity": "sha512-rp3So07KcdmmKbGvgaNxQSJr7bGVSVk5S9Eq1F+ppbRo70+YeaDxkw5Dd8NPN+GD6bjnYm2VuPuCXmpuYvmCXQ=="
		},
		"signal-exit": {
			"version": "3.0.7",
			"resolved": "https://registry.npmjs.org/signal-exit/-/signal-exit-3.0.7.tgz",
			"integrity": "sha512-wnD2ZE+l+SPC/uoS0vXeE9L1+0wuaMqKlfz9AMUo38JsyLSBWSFcHR1Rri62LZc12vLr1gb3jl7iwQhgwpAbGQ=="
		},
		"stdin-discarder": {
			"version": "0.1.0",
			"resolved": "https://registry.npmjs.org/stdin-discarder/-/stdin-discarder-0.1.0.tgz",
			"integrity": "sha512-xhV7w8S+bUwlPTb4bAOUQhv8/cSS5offJuX8GQGq32ONF0ZtDWKfkdomM3HMRA+LhX6um/FZ0COqlwsjD53LeQ==",
			"requires": {
				"bl": "^5.0.0"
			}
		},
		"string_decoder": {
			"version": "1.3.0",
			"resolved": "https://registry.npmjs.org/string_decoder/-/string_decoder-1.3.0.tgz",
			"integrity": "sha512-hkRX8U1WjJFd8LsDJ2yQ/wWWxaopEsABU1XfkM8A+j0+85JAGppt16cr1Whg6KIbb4okU6Mql6BOj+uup/wKeA==",
			"requires": {
				"safe-buffer": "~5.2.0"
			}
		},
		"string-width": {
			"version": "6.1.0",
			"resolved": "https://registry.npmjs.org/string-width/-/string-width-6.1.0.tgz",
			"integrity": "sha512-k01swCJAgQmuADB0YIc+7TuatfNvTBVOoaUWJjTB9R4VJzR5vNWzf5t42ESVZFPS8xTySF7CAdV4t/aaIm3UnQ==",
			"requires": {
				"eastasianwidth": "^0.2.0",
				"emoji-regex": "^10.2.1",
				"strip-ansi": "^7.0.1"
			}
		},
		"strip-ansi": {
			"version": "7.1.0",
			"resolved": "https://registry.npmjs.org/strip-ansi/-/strip-ansi-7.1.0.tgz",
			"integrity": "sha512-iq6eVVI64nQQTRYq2KtEg2d2uU7LElhTJwsH4YzIHZshxlgZms/wIc4VoDQTlG/IvVIrBKG06CrZnp0qv7hkcQ==",
			"requires": {
				"ansi-regex": "^6.0.1"
			}
		},
		"util-deprecate": {
			"version": "1.0.2",
			"resolved": "https://registry.npmjs.org/util-deprecate/-/util-deprecate-1.0.2.tgz",
			"integrity": "sha512-EPD5q1uXyFxJpCrLnCc1nHnq3gOa6DZBocAIiI2TaSCA7VCJ1UJDMagCzIkXNsUYfD1daK//LTEQ8xiIbrHtcw=="
		},
		"yazl": {
			"version": "2.5.1",
			"resolved": "https://registry.npmjs.org/yazl/-/yazl-2.5.1.tgz",
			"integrity": "sha512-phENi2PLiHnHb6QBVot+dJnaAZ0xosj7p3fWl+znIjBDlnMI2PsZCJZ306BPTFOaHf5qdDEI8x5qFrSOBN5vrw==",
			"requires": {
				"buffer-crc32": "~0.2.3"
			}
		}
	}
}
